# This file is automatically @generated by Cargo.
# It is not intended for manual editing.
version = 4

[[package]]
name = "auto_crossing"
version = "0.1.0"

[[package]]
name = "borrowing"
version = "0.1.0"

[[package]]
name = "compound_types"
version = "0.1.0"

[[package]]
name = "constants"
version = "0.1.0"

[[package]]
name = "control_flow"
version = "0.1.0"

[[package]]
name = "factorial"
version = "0.1.0"

[[package]]
name = "functions"
version = "0.1.0"

[[package]]
name = "hello_cargo"
version = "0.1.0"

[[package]]
name = "keyboard_input"
version = "0.1.0"

[[package]]
name = "mut_borrowing"
version = "0.1.0"

[[package]]
name = "mutability"
version = "0.1.0"

[[package]]
name = "ownership"
version = "0.1.0"

[[package]]
name = "prime_numbers"
version = "0.1.0"

[[package]]
name = "scalar_types"
version = "0.1.0"

[[package]]
name = "shadowing"
version = "0.1.0"

[[package]]
name = "slice_type"
version = "0.1.0"
